PODS:
  - Alamofire (5.6.1)
  - CountryPickerView (3.3.0)
  - FSCalendar (2.8.4)
  - GoogleMaps (3.8.2):
    - GoogleMaps/Maps (= 3.8.2)
  - GoogleMaps/Base (3.8.2)
  - GoogleMaps/Maps (3.8.2):
    - GoogleMaps/Base
  - GooglePlaces (3.8.2):
    - GoogleMaps/Base (= 3.8.2)
  - IQKeyboardManagerSwift (6.5.10)
  - SDWebImage (5.12.5):
    - SDWebImage/Core (= 5.12.5)
  - SDWebImage/Core (5.12.5)
  - SideMenu (6.5.0)
  - SignaturePad (1.0.3)
  - Socket.IO-Client-Swift (15.2.0):
    - Starscream (~> 3.1)
  - Starscream (3.1.1)
  - SVProgressHUD (2.2.5)
  - Toast-Swift (5.0.1)

DEPENDENCIES:
  - Alamofire
  - CountryPickerView
  - FSCalendar
  - GoogleMaps
  - GooglePlaces
  - IQKeyboardManagerSwift
  - SDWebImage (~> 5.0)
  - SideMenu
  - SignaturePad (~> 1.0.3)
  - Socket.IO-Client-Swift (= 15.2.0)
  - SVProgressHUD
  - Toast-Swift

SPEC REPOS:
  trunk:
    - Alamofire
    - CountryPickerView
    - FSCalendar
    - GoogleMaps
    - GooglePlaces
    - IQKeyboardManagerSwift
    - SDWebImage
    - SideMenu
    - SignaturePad
    - Socket.IO-Client-Swift
    - Starscream
    - SVProgressHUD
    - Toast-Swift

SPEC CHECKSUMS:
  Alamofire: 87bd8c952f9a4454320fce00d9cc3de57bcadaf5
  CountryPickerView: 6322ada32a80b0cd721b0267282a5c24f406f263
  FSCalendar: 2d1d0d9398f12d439f55c1fe0f01525b151b8260
  GoogleMaps: ae0efe10e9c40bcd9decd0c9fd53d947af7801a3
  GooglePlaces: 8baf0c60e318431ca3c1b022f2745a23b104caca
  IQKeyboardManagerSwift: 52962c76ab33532f15ad9f3ff4e5715eda5335bb
  SDWebImage: 0905f1b7760fc8ac4198cae0036600d67478751e
  SideMenu: f583187d21c5b1dd04c72002be544b555a2627a2
  SignaturePad: b0d6322a27e90fe3e7d55194606503f5dfacb077
  Socket.IO-Client-Swift: 1e3e3a1f09f3312a167f0d781eb2f383d477357c
  Starscream: 4bb2f9942274833f7b4d296a55504dcfc7edb7b0
  SVProgressHUD: 1428aafac632c1f86f62aa4243ec12008d7a51d6
  Toast-Swift: 9b6a70f28b3bf0b96c40d46c0c4b9d6639846711

PODFILE CHECKSUM: c31cd3c3849c84a56871d14808e7d7af986cea62

COCOAPODS: 1.11.3
